
Microsoft Visual Studio Solution File, Format Version 12.00
# Visual Studio Version 17
VisualStudioVersion = 17.10.34928.147
MinimumVisualStudioVersion = 10.0.40219.1
Project("{FAE04EC0-301F-11D3-BF4B-00C04F79EFBC}") = "Binary Search", "Binary Search\Binary Search.csproj", "{CBD69C55-33CA-4156-99B2-715062407D13}"
EndProject
Project("{FAE04EC0-301F-11D3-BF4B-00C04F79EFBC}") = "Merge Sort", "Merge Sort\Merge Sort.csproj", "{CD4395F3-05FE-4295-B2B8-BB6F6ED75817}"
EndProject
Project("{FAE04EC0-301F-11D3-BF4B-00C04F79EFBC}") = "MultiplyBigNum", "MultiplyBigNum\MultiplyBigNum.csproj", "{ACB081B8-9BB0-4D6F-B95B-B2091E586AF2}"
EndProject
Global
	GlobalSection(SolutionConfigurationPlatforms) = preSolution
		Debug|Any CPU = Debug|Any CPU
		Release|Any CPU = Release|Any CPU
	EndGlobalSection
	GlobalSection(ProjectConfigurationPlatforms) = postSolution
		{CBD69C55-33CA-4156-99B2-715062407D13}.Debug|Any CPU.ActiveCfg = Debug|Any CPU
		{CBD69C55-33CA-4156-99B2-715062407D13}.Debug|Any CPU.Build.0 = Debug|Any CPU
		{CBD69C55-33CA-4156-99B2-715062407D13}.Release|Any CPU.ActiveCfg = Release|Any CPU
		{CBD69C55-33CA-4156-99B2-715062407D13}.Release|Any CPU.Build.0 = Release|Any CPU
		{CD4395F3-05FE-4295-B2B8-BB6F6ED75817}.Debug|Any CPU.ActiveCfg = Debug|Any CPU
		{CD4395F3-05FE-4295-B2B8-BB6F6ED75817}.Debug|Any CPU.Build.0 = Debug|Any CPU
		{CD4395F3-05FE-4295-B2B8-BB6F6ED75817}.Release|Any CPU.ActiveCfg = Release|Any CPU
		{CD4395F3-05FE-4295-B2B8-BB6F6ED75817}.Release|Any CPU.Build.0 = Release|Any CPU
		{ACB081B8-9BB0-4D6F-B95B-B2091E586AF2}.Debug|Any CPU.ActiveCfg = Debug|Any CPU
		{ACB081B8-9BB0-4D6F-B95B-B2091E586AF2}.Debug|Any CPU.Build.0 = Debug|Any CPU
		{ACB081B8-9BB0-4D6F-B95B-B2091E586AF2}.Release|Any CPU.ActiveCfg = Release|Any CPU
		{ACB081B8-9BB0-4D6F-B95B-B2091E586AF2}.Release|Any CPU.Build.0 = Release|Any CPU
	EndGlobalSection
	GlobalSection(SolutionProperties) = preSolution
		HideSolutionNode = FALSE
	EndGlobalSection
	GlobalSection(ExtensibilityGlobals) = postSolution
		SolutionGuid = {29E58B4C-9888-4C33-9B92-FC39B1D51F9C}
	EndGlobalSection
EndGlobal
